
Microsoft Visual Studio Solution File, Format Version 12.00
# Visual Studio Version 17
VisualStudioVersion = 17.2.32630.192
MinimumVisualStudioVersion = 10.0.40219.1
Project("{FAE04EC0-301F-11D3-BF4B-00C04F79EFBC}") = "StudentAPI", "StudentAPI\StudentAPI.csproj", "{B39EE8E2-E9DC-480D-9A52-B2A32DB53D4E}"
EndProject
Global
	GlobalSection(SolutionConfigurationPlatforms) = preSolution
		Debug|Any CPU = Debug|Any CPU
		Release|Any CPU = Release|Any CPU
	EndGlobalSection
	GlobalSection(ProjectConfigurationPlatforms) = postSolution
		{B39EE8E2-E9DC-480D-9A52-B2A32DB53D4E}.Debug|Any CPU.ActiveCfg = Debug|Any CPU
		{B39EE8E2-E9DC-480D-9A52-B2A32DB53D4E}.Debug|Any CPU.Build.0 = Debug|Any CPU
		{B39EE8E2-E9DC-480D-9A52-B2A32DB53D4E}.Release|Any CPU.ActiveCfg = Release|Any CPU
		{B39EE8E2-E9DC-480D-9A52-B2A32DB53D4E}.Release|Any CPU.Build.0 = Release|Any CPU
	EndGlobalSection
	GlobalSection(SolutionProperties) = preSolution
		HideSolutionNode = FALSE
	EndGlobalSection
	GlobalSection(ExtensibilityGlobals) = postSolution
		SolutionGuid = {F4CA85C3-05D2-44C0-ACF8-B3EC353ADA62}
	EndGlobalSection
EndGlobal
